# This file is automatically @generated by Poetry 1.8.3 and should not be changed by hand.

[[package]]
name = "python-nmap"
version = "0.7.1"
description = "This is a python class to use nmap and access scan results from python3"
optional = false
python-versions = "*"
files = [
    {file = "python-nmap-0.7.1.tar.gz", hash = "sha256:f75af6b91dd8e3b0c31f869db32163f62ada686945e5b7c25f84bc0f7fad3b64"},
]

[metadata]
lock-version = "2.0"
python-versions = "^3.11"
content-hash = "6c972c3ee1179ce1ab2f98dfe9de072fa2d1109787d4ee133018339873f71f13"
